
Microsoft Visual Studio Solution File, Format Version 12.00
# Visual Studio 15
VisualStudioVersion = 15.0.28307.757
MinimumVisualStudioVersion = 10.0.40219.1
Project("{FAE04EC0-301F-11D3-BF4B-00C04F79EFBC}") = "Estoque", "Estoque\Estoque.csproj", "{A209848B-0D2A-419A-B13E-73DFBEE4F939}"
EndProject
Global
	GlobalSection(SolutionConfigurationPlatforms) = preSolution
		Debug|Any CPU = Debug|Any CPU
		Release|Any CPU = Release|Any CPU
	EndGlobalSection
	GlobalSection(ProjectConfigurationPlatforms) = postSolution
		{A209848B-0D2A-419A-B13E-73DFBEE4F939}.Debug|Any CPU.ActiveCfg = Debug|Any CPU
		{A209848B-0D2A-419A-B13E-73DFBEE4F939}.Debug|Any CPU.Build.0 = Debug|Any CPU
		{A209848B-0D2A-419A-B13E-73DFBEE4F939}.Release|Any CPU.ActiveCfg = Release|Any CPU
		{A209848B-0D2A-419A-B13E-73DFBEE4F939}.Release|Any CPU.Build.0 = Release|Any CPU
	EndGlobalSection
	GlobalSection(SolutionProperties) = preSolution
		HideSolutionNode = FALSE
	EndGlobalSection
	GlobalSection(ExtensibilityGlobals) = postSolution
		SolutionGuid = {46AA3C67-D0CC-435D-8A03-6F36F94E2DC0}
	EndGlobalSection
EndGlobal
